Microsoft Visual Studio Solution File, Format Version 11.00
# Visual Studio 2008

Project("{9F99631A-89E7-D258-FD94-63D3B6678381}") = "CarGameUnity", "Assembly-CSharp-firstpass.csproj", "{2E31F7A3-8B87-EC25-3305-CA3C8ECD6D04}"
EndProject
Project("{9F99631A-89E7-D258-FD94-63D3B6678381}") = "CarGameUnity", "Assembly-CSharp.csproj", "{E5204693-848D-2DF2-BC09-7A94788CE1AC}"
EndProject
Project("{9F99631A-89E7-D258-FD94-63D3B6678381}") = "CarGameUnity", "Assembly-CSharp-Editor.csproj", "{C1C797CA-07DD-DCA4-CFB0-A6744DBDCCEA}"
EndProject
Project("{9F99631A-89E7-D258-FD94-63D3B6678381}") = "CarGameUnity", "Assembly-UnityScript-firstpass.unityproj", "{EBD404CE-CB13-8A76-AA8F-4F323B0B7F79}"
EndProject
Project("{9F99631A-89E7-D258-FD94-63D3B6678381}") = "CarGameUnity", "Assembly-UnityScript.unityproj", "{3E4F5F10-4D1E-05DB-B468-9BA5812CA307}"
EndProject
Global
	GlobalSection(SolutionConfigurationPlatforms) = preSolution
		Debug|Any CPU = Debug|Any CPU
		Release|Any CPU = Release|Any CPU
	EndGlobalSection
	GlobalSection(ProjectConfigurationPlatforms) = postSolution
		{2E31F7A3-8B87-EC25-3305-CA3C8ECD6D04}.Debug|Any CPU.ActiveCfg = Debug|Any CPU
		{2E31F7A3-8B87-EC25-3305-CA3C8ECD6D04}.Debug|Any CPU.Build.0 = Debug|Any CPU
		{2E31F7A3-8B87-EC25-3305-CA3C8ECD6D04}.Release|Any CPU.ActiveCfg = Release|Any CPU
		{2E31F7A3-8B87-EC25-3305-CA3C8ECD6D04}.Release|Any CPU.Build.0 = Release|Any CPU
		{E5204693-848D-2DF2-BC09-7A94788CE1AC}.Debug|Any CPU.ActiveCfg = Debug|Any CPU
		{E5204693-848D-2DF2-BC09-7A94788CE1AC}.Debug|Any CPU.Build.0 = Debug|Any CPU
		{E5204693-848D-2DF2-BC09-7A94788CE1AC}.Release|Any CPU.ActiveCfg = Release|Any CPU
		{E5204693-848D-2DF2-BC09-7A94788CE1AC}.Release|Any CPU.Build.0 = Release|Any CPU
		{C1C797CA-07DD-DCA4-CFB0-A6744DBDCCEA}.Debug|Any CPU.ActiveCfg = Debug|Any CPU
		{C1C797CA-07DD-DCA4-CFB0-A6744DBDCCEA}.Debug|Any CPU.Build.0 = Debug|Any CPU
		{C1C797CA-07DD-DCA4-CFB0-A6744DBDCCEA}.Release|Any CPU.ActiveCfg = Release|Any CPU
		{C1C797CA-07DD-DCA4-CFB0-A6744DBDCCEA}.Release|Any CPU.Build.0 = Release|Any CPU
		{EBD404CE-CB13-8A76-AA8F-4F323B0B7F79}.Debug|Any CPU.ActiveCfg = Debug|Any CPU
		{EBD404CE-CB13-8A76-AA8F-4F323B0B7F79}.Debug|Any CPU.Build.0 = Debug|Any CPU
		{EBD404CE-CB13-8A76-AA8F-4F323B0B7F79}.Release|Any CPU.ActiveCfg = Release|Any CPU
		{EBD404CE-CB13-8A76-AA8F-4F323B0B7F79}.Release|Any CPU.Build.0 = Release|Any CPU
		{3E4F5F10-4D1E-05DB-B468-9BA5812CA307}.Debug|Any CPU.ActiveCfg = Debug|Any CPU
		{3E4F5F10-4D1E-05DB-B468-9BA5812CA307}.Debug|Any CPU.Build.0 = Debug|Any CPU
		{3E4F5F10-4D1E-05DB-B468-9BA5812CA307}.Release|Any CPU.ActiveCfg = Release|Any CPU
		{3E4F5F10-4D1E-05DB-B468-9BA5812CA307}.Release|Any CPU.Build.0 = Release|Any CPU
	EndGlobalSection
	GlobalSection(SolutionProperties) = preSolution
		HideSolutionNode = FALSE
	EndGlobalSection
						GlobalSection(MonoDevelopProperties) = preSolution
		StartupItem = Assembly-CSharp.csproj
		Policies = $0
		$0.TextStylePolicy = $1
		$1.inheritsSet = null
		$1.scope = text/x-csharp
		$0.CSharpFormattingPolicy = $2
		$2.inheritsSet = Mono
		$2.inheritsScope = text/x-csharp
		$2.scope = text/x-csharp
		$0.TextStylePolicy = $3
		$3.FileWidth = 120
		$3.TabWidth = 4
		$3.EolMarker = Unix
		$3.inheritsSet = Mono
		$3.inheritsScope = text/plain
		$3.scope = text/plain
	EndGlobalSection

EndGlobal
